<?xml version="1.0" encoding="utf-8"?>
<Project ToolsVersion="4.0" xmlns="http://schemas.microsoft.com/developer/msbuild/2003">
  <ItemGroup>
    <Filter Include="Source Files">
      <UniqueIdentifier>{4FC737F1-C7A5-4376-A066-2A32D752A2FF}</UniqueIdentifier>
      <Extensions>cpp;c;cc;cxx;def;odl;idl;hpj;bat;asm;asmx</Extensions>
    </Filter>
    <Filter Include="Header Files">
      <UniqueIdentifier>{93995380-89BD-4b04-88EB-625FBE52EBFB}</UniqueIdentifier>
      <Extensions>h;hh;hpp;hxx;hm;inl;inc;xsd</Extensions>
    </Filter>
    <Filter Include="Resource Files">
      <UniqueIdentifier>{67DA6AB6-F800-4c08-8B7A-83BB121AAD01}</UniqueIdentifier>
      <Extensions>rc;ico;cur;bmp;dlg;rc2;rct;bin;rgs;gif;jpg;jpeg;jpe;resx;tiff;tif;png;wav</Extensions>
    </Filter>
    <Filter Include="Schema Files">
      <UniqueIdentifier>{d613358a-0b28-49fa-b670-81de980390d4}</UniqueIdentifier>
    </Filter>
    <Filter Include="Generated Files">
      <UniqueIdentifier>{4fde4cdf-6277-4a97-8e4c-e70c3e729f88}</UniqueIdentifier>
    </Filter>
  </ItemGroup>
  <ItemGroup>
    <ClCompile Include="coobject.cpp">
      <Filter>Source Files</Filter>
    </ClCompile>
    <ClCompile Include="main.cpp">
      <Filter>Source Files</Filter>
    </ClCompile>
    <ClCompile Include="utility.cpp">
      <Filter>Source Files</Filter>
    </ClCompile>
    <ClCompile Include="common.cpp">
      <Filter>Source Files</Filter>
    </ClCompile>
    <ClCompile Include="coobjects.cpp">
      <Filter>Source Files</Filter>
    </ClCompile>
    <ClCompile Include="regkey.cpp">
      <Filter>Source Files</Filter>
    </ClCompile>
    <ClCompile Include="coifaces.cpp">
      <Filter>Source Files</Filter>
    </ClCompile>
    <ClCompile Include="coapps.cpp">
      <Filter>Source Files</Filter>
    </ClCompile>
    <ClCompile Include="cocats.cpp">
      <Filter>Source Files</Filter>
    </ClCompile>
  </ItemGroup>
  <ItemGroup>
    <ClInclude Include="coobject.h">
      <Filter>Header Files</Filter>
    </ClInclude>
    <ClInclude Include="common.h">
      <Filter>Header Files</Filter>
    </ClInclude>
    <ClInclude Include="utility.h">
      <Filter>Header Files</Filter>
    </ClInclude>
    <ClInclude Include="generated\coobject_generated.h">
      <Filter>Generated Files</Filter>
    </ClInclude>
    <ClInclude Include="coobjects.h">
      <Filter>Header Files</Filter>
    </ClInclude>
    <ClInclude Include="regkey.h">
      <Filter>Header Files</Filter>
    </ClInclude>
    <ClInclude Include="coifaces.h">
      <Filter>Header Files</Filter>
    </ClInclude>
    <ClInclude Include="coapps.h">
      <Filter>Header Files</Filter>
    </ClInclude>
    <ClInclude Include="cocats.h">
      <Filter>Header Files</Filter>
    </ClInclude>
  </ItemGroup>
  <ItemGroup>
    <CustomBuild Include="schema\coobject.fbs">
      <Filter>Schema Files</Filter>
    </CustomBuild>
  </ItemGroup>
</Project>